
Microsoft Visual Studio Solution File, Format Version 12.00
# Visual Studio Version 17
VisualStudioVersion = 17.8.34601.278
MinimumVisualStudioVersion = 10.0.40219.1
Project("{9A19103F-16F7-4668-BE54-9A1E7A4F7556}") = "img2table.sharp.tests", "test\img2table.sharp.tests\img2table.sharp.tests.csproj", "{88E6C889-45B9-4FDF-A13A-5EC6F3D06D5E}"
	ProjectSection(ProjectDependencies) = postProject
		{8D9C6CFD-B71F-4720-B009-7534E3D535DF} = {8D9C6CFD-B71F-4720-B009-7534E3D535DF}
	EndProjectSection
EndProject
Project("{9A19103F-16F7-4668-BE54-9A1E7A4F7556}") = "img2table.sharp", "src\img2table.sharp.csproj", "{8D9C6CFD-B71F-4720-B009-7534E3D535DF}"
EndProject
Project("{9A19103F-16F7-4668-BE54-9A1E7A4F7556}") = "PDFDict.SDK.Sharp", "..\pdfdict.sharp\src\PDFDict.SDK.Sharp\PDFDict.SDK.Sharp.csproj", "{DC19C3BC-EBB6-48C8-88D5-D1498E7ADB4A}"
EndProject
Project("{FAE04EC0-301F-11D3-BF4B-00C04F79EFBC}") = "img2table.sharp.web", "ui\img2table.sharp.web\img2table.sharp.web.csproj", "{10C829D3-D3C7-4BA3-8263-7E413CA1430C}"
EndProject
Global
	GlobalSection(SolutionConfigurationPlatforms) = preSolution
		Debug|Any CPU = Debug|Any CPU
		Release|Any CPU = Release|Any CPU
	EndGlobalSection
	GlobalSection(ProjectConfigurationPlatforms) = postSolution
		{88E6C889-45B9-4FDF-A13A-5EC6F3D06D5E}.Debug|Any CPU.ActiveCfg = Debug|Any CPU
		{88E6C889-45B9-4FDF-A13A-5EC6F3D06D5E}.Debug|Any CPU.Build.0 = Debug|Any CPU
		{88E6C889-45B9-4FDF-A13A-5EC6F3D06D5E}.Release|Any CPU.ActiveCfg = Release|Any CPU
		{88E6C889-45B9-4FDF-A13A-5EC6F3D06D5E}.Release|Any CPU.Build.0 = Release|Any CPU
		{8D9C6CFD-B71F-4720-B009-7534E3D535DF}.Debug|Any CPU.ActiveCfg = Debug|Any CPU
		{8D9C6CFD-B71F-4720-B009-7534E3D535DF}.Debug|Any CPU.Build.0 = Debug|Any CPU
		{8D9C6CFD-B71F-4720-B009-7534E3D535DF}.Release|Any CPU.ActiveCfg = Release|Any CPU
		{8D9C6CFD-B71F-4720-B009-7534E3D535DF}.Release|Any CPU.Build.0 = Release|Any CPU
		{DC19C3BC-EBB6-48C8-88D5-D1498E7ADB4A}.Debug|Any CPU.ActiveCfg = Debug|Any CPU
		{DC19C3BC-EBB6-48C8-88D5-D1498E7ADB4A}.Debug|Any CPU.Build.0 = Debug|Any CPU
		{DC19C3BC-EBB6-48C8-88D5-D1498E7ADB4A}.Release|Any CPU.ActiveCfg = Release|Any CPU
		{DC19C3BC-EBB6-48C8-88D5-D1498E7ADB4A}.Release|Any CPU.Build.0 = Release|Any CPU
		{10C829D3-D3C7-4BA3-8263-7E413CA1430C}.Debug|Any CPU.ActiveCfg = Debug|Any CPU
		{10C829D3-D3C7-4BA3-8263-7E413CA1430C}.Debug|Any CPU.Build.0 = Debug|Any CPU
		{10C829D3-D3C7-4BA3-8263-7E413CA1430C}.Release|Any CPU.ActiveCfg = Release|Any CPU
		{10C829D3-D3C7-4BA3-8263-7E413CA1430C}.Release|Any CPU.Build.0 = Release|Any CPU
	EndGlobalSection
	GlobalSection(SolutionProperties) = preSolution
		HideSolutionNode = FALSE
	EndGlobalSection
	GlobalSection(ExtensibilityGlobals) = postSolution
		SolutionGuid = {7FA19E21-20A3-41D6-8E7A-DE6EE5910C1F}
	EndGlobalSection
EndGlobal
